
Microsoft Visual Studio Solution File, Format Version 12.00
# Visual Studio Version 16
VisualStudioVersion = 25.0.1703.4
MinimumVisualStudioVersion = 10.0.40219.1
Project("{FAE04EC0-301F-11D3-BF4B-00C04F79EFBC}") = "CsharpVariables", "CsharpVariables\CsharpVariables.csproj", "{A6370285-D7D2-4F53-AF19-EBC0A70B6797}"
EndProject
Global
	GlobalSection(SolutionConfigurationPlatforms) = preSolution
		Debug|Any CPU = Debug|Any CPU
		Release|Any CPU = Release|Any CPU
	EndGlobalSection
	GlobalSection(ProjectConfigurationPlatforms) = postSolution
		{A6370285-D7D2-4F53-AF19-EBC0A70B6797}.Debug|Any CPU.ActiveCfg = Debug|Any CPU
		{A6370285-D7D2-4F53-AF19-EBC0A70B6797}.Debug|Any CPU.Build.0 = Debug|Any CPU
		{A6370285-D7D2-4F53-AF19-EBC0A70B6797}.Release|Any CPU.ActiveCfg = Release|Any CPU
		{A6370285-D7D2-4F53-AF19-EBC0A70B6797}.Release|Any CPU.Build.0 = Release|Any CPU
	EndGlobalSection
	GlobalSection(SolutionProperties) = preSolution
		HideSolutionNode = FALSE
	EndGlobalSection
	GlobalSection(ExtensibilityGlobals) = postSolution
		SolutionGuid = {0CBDC876-6841-437D-9FAF-B7C02E0FA0CC}
	EndGlobalSection
EndGlobal
